#MicroXplorer Configuration settings - do not modify
#Sat Nov 01 14:51:00 HST 2014
File.Version=4
I2C2.ClockSpeed=400000
I2C2.IPParameters=ClockSpeed
KeepUserPlacement=false
Mcu.Family=STM32F4
Mcu.IP0=I2C2
Mcu.IP1=I2C3
Mcu.IP2=NVIC
Mcu.IP3=RCC
Mcu.IP4=SPI1
Mcu.IP5=SYS
Mcu.IP6=USART6
Mcu.IP7=USB_DEVICE
Mcu.IP8=USB_OTG_FS
Mcu.IPNb=9
Mcu.Name=STM32F411R(C-E)Tx
Mcu.Package=LQFP64
Mcu.Pin0=PH0 - OSC_IN
Mcu.Pin1=PH1 - OSC_OUT
Mcu.Pin10=PB14
Mcu.Pin11=PB15
Mcu.Pin12=PC6
Mcu.Pin13=PC7
Mcu.Pin14=PC8
Mcu.Pin15=PC9
Mcu.Pin16=PA8
Mcu.Pin17=PA11
Mcu.Pin18=PA12
Mcu.Pin19=PA13
Mcu.Pin2=PC3
Mcu.Pin20=PA14
Mcu.Pin21=PA15
Mcu.Pin22=PB3
Mcu.Pin23=PB4
Mcu.Pin24=VP_USB_DEVICE_VS_USB_DEVICE_CDC_FS
Mcu.Pin3=PA5
Mcu.Pin4=PA6
Mcu.Pin5=PA7
Mcu.Pin6=PC5
Mcu.Pin7=PB0
Mcu.Pin8=PB1
Mcu.Pin9=PB10
Mcu.PinsNb=25
Mcu.UserName=STM32F411RCTx
NVIC.I2C3_ER_IRQn=true\:0\:0
NVIC.I2C3_EV_IRQn=true\:0\:0
NVIC.OTG_FS_IRQn=true\:0\:0
NVIC.PriorityGroup=NVIC_PRIORITYGROUP_0
NVIC.SPI1_IRQn=true\:0\:0
NVIC.SysTick_IRQn=true\:0\:0
NVIC.USART6_IRQn=true\:0\:0
PA11.Mode=Device_Only
PA11.Signal=USB_OTG_FS_DM
PA12.Mode=Device_Only
PA12.Signal=USB_OTG_FS_DP
PA13.Mode=Serial-Wire
PA13.Signal=SYS_JTMS-SWDIO
PA14.Mode=Serial-Wire
PA14.Signal=SYS_JTCK-SWCLK
PA15.Mode=NSS_Signal_Hard
PA15.Signal=SPI1_NSS
PA5.Mode=Full_Duplex_Master
PA5.Signal=SPI1_SCK
PA6.Mode=Full_Duplex_Master
PA6.Signal=SPI1_MISO
PA7.Mode=Full_Duplex_Master
PA7.Signal=SPI1_MOSI
PA8.Mode=I2C
PA8.Signal=I2C3_SCL
PB0.GPIOParameters=GPIO_Label,GPIO_ModeDefaultOutputPP,GPIO_Speed,GPIO_PuPd
PB0.GPIO_Label=LED_S1
PB0.GPIO_ModeDefaultOutputPP=GPIO_MODE_OUTPUT_PP
PB0.GPIO_PuPd=GPIO_NOPULL
PB0.GPIO_Speed=GPIO_SPEED_LOW
PB0.Locked=true
PB0.Signal=GPIO_Output
PB1.GPIOParameters=GPIO_Label,GPIO_ModeDefaultOutputPP,GPIO_Speed,GPIO_PuPd
PB1.GPIO_Label=LED_S2
PB1.GPIO_ModeDefaultOutputPP=GPIO_MODE_OUTPUT_PP
PB1.GPIO_PuPd=GPIO_NOPULL
PB1.GPIO_Speed=GPIO_SPEED_LOW
PB1.Locked=true
PB1.Signal=GPIO_Output
PB10.Mode=I2C
PB10.Signal=I2C2_SCL
PB14.GPIOParameters=GPIO_Label,GPIO_PuPd,GPIO_Mode
PB14.GPIO_Label=SPI_ENABLE
PB14.GPIO_Mode=GPIO_MODE_INPUT
PB14.GPIO_PuPd=GPIO_NOPULL
PB14.Locked=true
PB14.Signal=GPIO_Input
PB15.GPIOParameters=GPIO_Label,GPIO_PuPd,GPIO_Mode
PB15.GPIO_Label=UART_ENABLE
PB15.GPIO_Mode=GPIO_MODE_INPUT
PB15.GPIO_PuPd=GPIO_NOPULL
PB15.Locked=true
PB15.Signal=GPIO_Input
PB3.Mode=I2C
PB3.Signal=I2C2_SDA
PB4.Mode=I2C
PB4.Signal=I2C3_SDA
PC3.GPIOParameters=GPIO_ModeDefaultOutputPP,GPIO_Label,GPIO_Speed,GPIO_PuPd
PC3.GPIO_Label=CAL_LED
PC3.GPIO_ModeDefaultOutputPP=GPIO_MODE_OUTPUT_PP
PC3.GPIO_PuPd=GPIO_NOPULL
PC3.GPIO_Speed=GPIO_SPEED_LOW
PC3.Locked=true
PC3.Signal=GPIO_Output
PC5.GPIOParameters=GPIO_Label,GPIO_ModeDefaultOutputPP,GPIO_Speed,GPIO_PuPd
PC5.GPIO_Label=/I2C_DEV_ON
PC5.GPIO_ModeDefaultOutputPP=GPIO_MODE_OUTPUT_PP
PC5.GPIO_PuPd=GPIO_NOPULL
PC5.GPIO_Speed=GPIO_SPEED_LOW
PC5.Locked=true
PC5.Signal=GPIO_Output
PC6.Mode=Asynchronous
PC6.Signal=USART6_TX
PC7.Mode=Asynchronous
PC7.Signal=USART6_RX
PC8.GPIOParameters=GPIO_Label,GPIO_PuPd,GPIO_Mode
PC8.GPIO_Label=MPU_INT
PC8.GPIO_Mode=GPIO_MODE_INPUT
PC8.GPIO_PuPd=GPIO_NOPULL
PC8.Locked=true
PC8.Signal=GPIO_Input
PC9.GPIOParameters=GPIO_Label,GPIO_PuPd,GPIO_Mode
PC9.GPIO_Label=CAL_BTN
PC9.GPIO_Mode=GPIO_MODE_INPUT
PC9.GPIO_PuPd=GPIO_NOPULL
PC9.Locked=true
PC9.Signal=GPIO_Input
PH0\ -\ OSC_IN.Mode=HSE-External-Oscillator
PH0\ -\ OSC_IN.Signal=RCC_OSC_IN
PH1\ -\ OSC_OUT.Mode=HSE-External-Oscillator
PH1\ -\ OSC_OUT.Signal=RCC_OSC_OUT
ProjectManager.AskForMigrate=true
ProjectManager.BackupPrevious=false
ProjectManager.CompilerOptimize=2
ProjectManager.ComputerToolchain=false
ProjectManager.CoupleFile=false
ProjectManager.DeletePrevious=true
ProjectManager.DeviceId=STM32F411RCTx
ProjectManager.FirmwarePackage=STM32Cube FW_F4 V1.3.0
ProjectManager.FreePins=true
ProjectManager.HalAssertFull=false
ProjectManager.KeepUserCode=true
ProjectManager.LastFirmware=true
ProjectManager.LibraryCopy=0
ProjectManager.ProjectBuild=false
ProjectManager.ProjectFileName=nav10_mxp_3_3.ioc
ProjectManager.ProjectName=nav10_mxp_3_3
ProjectManager.TargetToolchain=TrueSTUDIO 4.3.1
RCC.48MHZClocksFreq_Value=48000000
RCC.AHBFreq_Value=96000000
RCC.APB1CLKDivider=RCC_HCLK_DIV2
RCC.APB1Freq_Value=48000000
RCC.APB1TimFreq_Value=96000000
RCC.APB2Freq_Value=96000000
RCC.APB2TimFreq_Value=96000000
RCC.ClockTypePCLK1-ClockTree=RCC_CLOCKTYPE_PCLK1
RCC.ClockTypeSysClk-ClockTree=RCC_CLOCKTYPE_SYSCLK
RCC.CortexFreq_Value=12000000
RCC.EnableExtClockForI2S-ClockTree=false
RCC.EnableHSE-ClockTree=true
RCC.EnableHSERTCDevisor-ClockTree=false
RCC.EnableLSE-ClockTree=false
RCC.EnableLSERTC-ClockTree=false
RCC.EthernetFreq_Value=96000000
RCC.ExtClockEnable-ClockTree=false
RCC.FCLKCortexFreq_Value=96000000
RCC.FLatency-AdvancedSettings=FLASH_LATENCY_3
RCC.FamilyName=M
RCC.HCLKFreq_Value=96000000
RCC.HSEState-ClockTree=RCC_HSE_ON
RCC.HSE_VALUE=8000000
RCC.HSIState-ClockTree=RCC_HSI_OFF
RCC.HSI_VALUE=16000000
RCC.I2SClocksFreq_Value=48000000
RCC.I2SEnable-ClockTree=false
RCC.IPParameters=MCO1OutPutEnable-ClockTree,RTCEnable-ClockTree,OscillatorTypeHSE-ClockTree,HCLKFreq_Value,SYSCLKFreq_VALUE,EnableLSE-ClockTree,I2SClocksFreq_Value,PLLCLKFreq_Value,FamilyName,RTCHSEDivFreq_Value,USBFSEnable-ClockTree,RNGEnable-ClockTree,RTCFreq_Value,LSE_VALUE,PLLP,I2SEnable-ClockTree,SYSCLKSource,IWDGEnable-ClockTree,MCO2PinFreq_Value,CortexFreq_Value,FCLKCortexFreq_Value,APB1CLKDivider,USBHSEnable-ClockTree,ClockTypePCLK1-ClockTree,APB2Freq_Value,VCOI2SOutputFreq_Value,FLatency-AdvancedSettings,PLLN,EnableExtClockForI2S-ClockTree,ClockTypeSysClk-ClockTree,EnableLSERTC-ClockTree,MCO2OutPutEnable-ClockTree,APB2TimFreq_Value,HSE_VALUE,PWR_Regulator_Voltage_Scale-AdvancedSettings,PLLM,HSI_VALUE,PLLQ,HSIState-ClockTree,PLLSource,LSIState-ClockTree,PLLState-ClockTree,VcooutputI2S,APB1Freq_Value,APB1TimFreq_Value,48MHZClocksFreq_Value,ExtClockEnable-ClockTree,HSEState-ClockTree,SDIOEnable-ClockTree,AHBFreq_Value,LSI_VALUE,VCOInputFreq_Value,EnableHSE-ClockTree,OscillatorTypeLSI-ClockTree,EthernetFreq_Value,EnableHSERTCDevisor-ClockTree,VCOOutputFreq_Value,VCOInputMFreq_Value
RCC.IWDGEnable-ClockTree=false
RCC.LSE_VALUE=32768
RCC.LSIState-ClockTree=RCC_LSI_OFF
RCC.LSI_VALUE=32000
RCC.MCO1OutPutEnable-ClockTree=false
RCC.MCO2OutPutEnable-ClockTree=false
RCC.MCO2PinFreq_Value=96000000
RCC.OscillatorTypeHSE-ClockTree=RCC_OSCILLATORTYPE_HSE
RCC.OscillatorTypeLSI-ClockTree=
RCC.PLLCLKFreq_Value=96000000
RCC.PLLM=8
RCC.PLLN=384
RCC.PLLP=RCC_PLLP_DIV4
RCC.PLLQ=8
RCC.PLLSource=RCC_PLLSOURCE_HSE
RCC.PLLState-ClockTree=RCC_PLL_ON
RCC.PWR_Regulator_Voltage_Scale-AdvancedSettings=PWR_REGULATOR_VOLTAGE_SCALE2
RCC.RNGEnable-ClockTree=false
RCC.RTCEnable-ClockTree=false
RCC.RTCFreq_Value=32000
RCC.RTCHSEDivFreq_Value=4000000
RCC.SDIOEnable-ClockTree=false
RCC.SYSCLKFreq_VALUE=96000000
RCC.SYSCLKSource=RCC_SYSCLKSOURCE_PLLCLK
RCC.USBFSEnable-ClockTree=true
RCC.USBHSEnable-ClockTree=false
RCC.VCOI2SOutputFreq_Value=96000000
RCC.VCOInputFreq_Value=1000000
RCC.VCOInputMFreq_Value=500000
RCC.VCOOutputFreq_Value=384000000
RCC.VcooutputI2S=48000000
SPI1.BaudRatePrescaler-Full_Duplex_Master=SPI_BAUDRATEPRESCALER_4
SPI1.CLKPhase-Full_Duplex_Master=SPI_PHASE_2EDGE
SPI1.CLKPolarity-Full_Duplex_Master=SPI_POLARITY_HIGH
SPI1.CalculateBaudRate-Full_Duplex_Master=24.0 MBits/s
SPI1.Direction-Full_Duplex_Master=SPI_DIRECTION_2LINES
SPI1.IPParameters=Direction-Full_Duplex_Master,CalculateBaudRate-Full_Duplex_Master,VirtualType-Full_Duplex_Master,BaudRatePrescaler-Full_Duplex_Master,VirtualNSS,CLKPolarity-Full_Duplex_Master,Mode-Full_Duplex_Master,CLKPhase-Full_Duplex_Master,VirtualNSS-NSS_Signal_Hard,NSS-Full_Duplex_Master
SPI1.Mode-Full_Duplex_Master=SPI_MODE_MASTER
SPI1.NSS-Full_Duplex_Master=SPI_NSS_HARD_INPUT
SPI1.VirtualNSS=VM_NSSHARD
SPI1.VirtualNSS-NSS_Signal_Hard=VM_NSSHARD
SPI1.VirtualType-Full_Duplex_Master=VM_MASTER
USART6.HwFlowCtl-Asynchronous=UART_HWCONTROL_NONE
USART6.IPParameters=VirtualMode-Asynchronous,HwFlowCtl-Asynchronous
USART6.VirtualMode-Asynchronous=VM_ASYNC
USB_DEVICE.CLASS_NAME-CDC_FS=CDC
USB_DEVICE.IPParameters=CLASS_NAME-CDC_FS,VirtualModeFS,VirtualMode,USBD_HandleTypeDef,hUsbDevice-CDC_FS,USBD_HandleTypeDef-CDC_FS,VirtualModeFS-CDC_FS,VirtualMode-CDC_FS
USB_DEVICE.USBD_HandleTypeDef=hUsbDeviceFS
USB_DEVICE.USBD_HandleTypeDef-CDC_FS=hUsbDeviceFS
USB_DEVICE.VirtualMode=Cdc
USB_DEVICE.VirtualMode-CDC_FS=Cdc
USB_DEVICE.VirtualModeFS=Cdc_FS
USB_DEVICE.VirtualModeFS-CDC_FS=Cdc_FS
USB_DEVICE.hUsbDevice-CDC_FS=hDeviceDuSmolt
USB_OTG_FS.IPParameters=VirtualMode-Device_Only,speed-Device_Only,low_power_enable-Device_Only,phy_itface-Device_Only,dma_enable-Device_Only
USB_OTG_FS.VirtualMode-Device_Only=Device_Only
USB_OTG_FS.dma_enable-Device_Only=DISABLE
USB_OTG_FS.low_power_enable-Device_Only=DISABLE
USB_OTG_FS.phy_itface-Device_Only=PCD_PHY_EMBEDDED
USB_OTG_FS.speed-Device_Only=PCD_SPEED_FULL
VP_USB_DEVICE_VS_USB_DEVICE_CDC_FS.Mode=CDC_FS
VP_USB_DEVICE_VS_USB_DEVICE_CDC_FS.Signal=USB_DEVICE_VS_USB_DEVICE_CDC_FS
